
Microsoft Visual Studio Solution File, Format Version 12.00
# Visual Studio Version 16
VisualStudioVersion = 16.0.34407.143
MinimumVisualStudioVersion = 10.0.40219.1
Project("{FAE04EC0-301F-11D3-BF4B-00C04F79EFBC}") = "WpfApp13", "WpfApp13\WpfApp13.csproj", "{A5A3BEFD-CF97-4256-9FEB-64FCBC5B98B0}"
EndProject
Global
	GlobalSection(SolutionConfigurationPlatforms) = preSolution
		Debug|Any CPU = Debug|Any CPU
		Release|Any CPU = Release|Any CPU
	EndGlobalSection
	GlobalSection(ProjectConfigurationPlatforms) = postSolution
		{A5A3BEFD-CF97-4256-9FEB-64FCBC5B98B0}.Debug|Any CPU.ActiveCfg = Debug|Any CPU
		{A5A3BEFD-CF97-4256-9FEB-64FCBC5B98B0}.Debug|Any CPU.Build.0 = Debug|Any CPU
		{A5A3BEFD-CF97-4256-9FEB-64FCBC5B98B0}.Release|Any CPU.ActiveCfg = Release|Any CPU
		{A5A3BEFD-CF97-4256-9FEB-64FCBC5B98B0}.Release|Any CPU.Build.0 = Release|Any CPU
	EndGlobalSection
	GlobalSection(SolutionProperties) = preSolution
		HideSolutionNode = FALSE
	EndGlobalSection
	GlobalSection(ExtensibilityGlobals) = postSolution
		SolutionGuid = {5969914D-1119-4285-AA15-B0C0BC0F83B1}
	EndGlobalSection
EndGlobal
